// !$*UTF8*$!
{
	archiveVersion = 1;
	classes = {
	};
	objectVersion = 56;
	objects = {

/* Begin PBXBuildFile section */
		873B2F082BEB215900CED958 /* AppDelegate.swift in Sources */ = {isa = PBXBuildFile; fileRef = 873B2F072BEB215900CED958 /* AppDelegate.swift */; };
		873B2F0A2BEB215900CED958 /* SceneDelegate.swift in Sources */ = {isa = PBXBuildFile; fileRef = 873B2F092BEB215900CED958 /* SceneDelegate.swift */; };
		873B2F0C2BEB215900CED958 /* HomeViewController.swift in Sources */ = {isa = PBXBuildFile; fileRef = 873B2F0B2BEB215900CED958 /* HomeViewController.swift */; };
		873B2F112BEB215B00CED958 /* Assets.xcassets in Resources */ = {isa = PBXBuildFile; fileRef = 873B2F102BEB215B00CED958 /* Assets.xcassets */; };
		873B2F142BEB215B00CED958 /* Base in Resources */ = {isa = PBXBuildFile; fileRef = 873B2F132BEB215B00CED958 /* Base */; };
		873B2F222BEC55AB00CED958 /* ViewConfiguration.swift in Sources */ = {isa = PBXBuildFile; fileRef = 873B2F212BEC55AB00CED958 /* ViewConfiguration.swift */; };
		873B2F252BEC5DBF00CED958 /* HomeViewCell.swift in Sources */ = {isa = PBXBuildFile; fileRef = 873B2F242BEC5DBF00CED958 /* HomeViewCell.swift */; };
		873B2F282BEC691400CED958 /* ProductDetailsView.swift in Sources */ = {isa = PBXBuildFile; fileRef = 873B2F272BEC691400CED958 /* ProductDetailsView.swift */; };
		873B2F2C2BEDB51300CED958 /* Request.swift in Sources */ = {isa = PBXBuildFile; fileRef = 873B2F2B2BEDB51300CED958 /* Request.swift */; };
		873B2F2E2BEDB8F800CED958 /* Network.swift in Sources */ = {isa = PBXBuildFile; fileRef = 873B2F2D2BEDB8F800CED958 /* Network.swift */; };
		873B2F302BEDBA0100CED958 /* API.swift in Sources */ = {isa = PBXBuildFile; fileRef = 873B2F2F2BEDBA0100CED958 /* API.swift */; };
		873B2F332BEDC22000CED958 /* ProductSearchRequest.swift in Sources */ = {isa = PBXBuildFile; fileRef = 873B2F322BEDC22000CED958 /* ProductSearchRequest.swift */; };
		873B2F352BEDC51900CED958 /* ProductSearchService.swift in Sources */ = {isa = PBXBuildFile; fileRef = 873B2F342BEDC51900CED958 /* ProductSearchService.swift */; };
		877C898F2BF2D99100ED278D /* ProductSearch.swift in Sources */ = {isa = PBXBuildFile; fileRef = 877C898E2BF2D99100ED278D /* ProductSearch.swift */; };
		877C89912BF2DC1000ED278D /* HomeInteractor.swift in Sources */ = {isa = PBXBuildFile; fileRef = 877C89902BF2DC1000ED278D /* HomeInteractor.swift */; };
		877C89932BF2DC1E00ED278D /* HomePresenter.swift in Sources */ = {isa = PBXBuildFile; fileRef = 877C89922BF2DC1E00ED278D /* HomePresenter.swift */; };
		8799A7B62BFAAE91005E484D /* HomeCoordinator.swift in Sources */ = {isa = PBXBuildFile; fileRef = 8799A7B52BFAAE91005E484D /* HomeCoordinator.swift */; };
		8799A7B92BFADAC8005E484D /* ProductItem.swift in Sources */ = {isa = PBXBuildFile; fileRef = 8799A7B82BFADAC8005E484D /* ProductItem.swift */; };
		87B7FDC72BF2F5D200AFA98E /* Strings.swift in Sources */ = {isa = PBXBuildFile; fileRef = 87B7FDC62BF2F5D200AFA98E /* Strings.swift */; };
		87B7FDCC2BF2FB9100AFA98E /* HomeErrorView.swift in Sources */ = {isa = PBXBuildFile; fileRef = 87B7FDCB2BF2FB9100AFA98E /* HomeErrorView.swift */; };
/* End PBXBuildFile section */

/* Begin PBXFileReference section */
		873B2F042BEB215900CED958 /* MeliSearch.app */ = {isa = PBXFileReference; explicitFileType = wrapper.application; includeInIndex = 0; path = MeliSearch.app; sourceTree = BUILT_PRODUCTS_DIR; };
		873B2F072BEB215900CED958 /* AppDelegate.swift */ = {isa = PBXFileReference; lastKnownFileType = sourcecode.swift; path = AppDelegate.swift; sourceTree = "<group>"; };
		873B2F092BEB215900CED958 /* SceneDelegate.swift */ = {isa = PBXFileReference; lastKnownFileType = sourcecode.swift; path = SceneDelegate.swift; sourceTree = "<group>"; };
		873B2F0B2BEB215900CED958 /* HomeViewController.swift */ = {isa = PBXFileReference; lastKnownFileType = sourcecode.swift; path = HomeViewController.swift; sourceTree = "<group>"; };
		873B2F102BEB215B00CED958 /* Assets.xcassets */ = {isa = PBXFileReference; lastKnownFileType = folder.assetcatalog; path = Assets.xcassets; sourceTree = "<group>"; };
		873B2F132BEB215B00CED958 /* Base */ = {isa = PBXFileReference; lastKnownFileType = file.storyboard; name = Base; path = Base.lproj/LaunchScreen.storyboard; sourceTree = "<group>"; };
		873B2F152BEB215B00CED958 /* Info.plist */ = {isa = PBXFileReference; lastKnownFileType = text.plist.xml; path = Info.plist; sourceTree = "<group>"; };
		873B2F212BEC55AB00CED958 /* ViewConfiguration.swift */ = {isa = PBXFileReference; lastKnownFileType = sourcecode.swift; path = ViewConfiguration.swift; sourceTree = "<group>"; };
		873B2F242BEC5DBF00CED958 /* HomeViewCell.swift */ = {isa = PBXFileReference; lastKnownFileType = sourcecode.swift; path = HomeViewCell.swift; sourceTree = "<group>"; };
		873B2F272BEC691400CED958 /* ProductDetailsView.swift */ = {isa = PBXFileReference; lastKnownFileType = sourcecode.swift; path = ProductDetailsView.swift; sourceTree = "<group>"; };
		873B2F2B2BEDB51300CED958 /* Request.swift */ = {isa = PBXFileReference; lastKnownFileType = sourcecode.swift; path = Request.swift; sourceTree = "<group>"; };
		873B2F2D2BEDB8F800CED958 /* Network.swift */ = {isa = PBXFileReference; lastKnownFileType = sourcecode.swift; path = Network.swift; sourceTree = "<group>"; };
		873B2F2F2BEDBA0100CED958 /* API.swift */ = {isa = PBXFileReference; lastKnownFileType = sourcecode.swift; path = API.swift; sourceTree = "<group>"; };
		873B2F322BEDC22000CED958 /* ProductSearchRequest.swift */ = {isa = PBXFileReference; lastKnownFileType = sourcecode.swift; path = ProductSearchRequest.swift; sourceTree = "<group>"; };
		873B2F342BEDC51900CED958 /* ProductSearchService.swift */ = {isa = PBXFileReference; lastKnownFileType = sourcecode.swift; path = ProductSearchService.swift; sourceTree = "<group>"; };
		877C898E2BF2D99100ED278D /* ProductSearch.swift */ = {isa = PBXFileReference; lastKnownFileType = sourcecode.swift; path = ProductSearch.swift; sourceTree = "<group>"; };
		877C89902BF2DC1000ED278D /* HomeInteractor.swift */ = {isa = PBXFileReference; lastKnownFileType = sourcecode.swift; path = HomeInteractor.swift; sourceTree = "<group>"; };
		877C89922BF2DC1E00ED278D /* HomePresenter.swift */ = {isa = PBXFileReference; lastKnownFileType = sourcecode.swift; path = HomePresenter.swift; sourceTree = "<group>"; };
		8799A7B52BFAAE91005E484D /* HomeCoordinator.swift */ = {isa = PBXFileReference; lastKnownFileType = sourcecode.swift; path = HomeCoordinator.swift; sourceTree = "<group>"; };
		8799A7B82BFADAC8005E484D /* ProductItem.swift */ = {isa = PBXFileReference; lastKnownFileType = sourcecode.swift; path = ProductItem.swift; sourceTree = "<group>"; };
		87B7FDC62BF2F5D200AFA98E /* Strings.swift */ = {isa = PBXFileReference; lastKnownFileType = sourcecode.swift; path = Strings.swift; sourceTree = "<group>"; };
		87B7FDCB2BF2FB9100AFA98E /* HomeErrorView.swift */ = {isa = PBXFileReference; lastKnownFileType = sourcecode.swift; path = HomeErrorView.swift; sourceTree = "<group>"; };
/* End PBXFileReference section */

/* Begin PBXFrameworksBuildPhase section */
		873B2F012BEB215900CED958 /* Frameworks */ = {
			isa = PBXFrameworksBuildPhase;
			buildActionMask = 2147483647;
			files = (
			);
			runOnlyForDeploymentPostprocessing = 0;
		};
/* End PBXFrameworksBuildPhase section */

/* Begin PBXGroup section */
		873B2EFB2BEB215900CED958 = {
			isa = PBXGroup;
			children = (
				873B2F062BEB215900CED958 /* MeliSearch */,
				873B2F052BEB215900CED958 /* Products */,
			);
			sourceTree = "<group>";
		};
		873B2F052BEB215900CED958 /* Products */ = {
			isa = PBXGroup;
			children = (
				873B2F042BEB215900CED958 /* MeliSearch.app */,
			);
			name = Products;
			sourceTree = "<group>";
		};
		873B2F062BEB215900CED958 /* MeliSearch */ = {
			isa = PBXGroup;
			children = (
				873B2F2A2BEDB4F400CED958 /* Service */,
				873B2F292BEDB4DD00CED958 /* Networking */,
				873B2F152BEB215B00CED958 /* Info.plist */,
				873B2F1C2BEC52A000CED958 /* AppConfiguration */,
				873B2F1B2BEC4FD900CED958 /* Common */,
				873B2F1F2BEC533200CED958 /* Scene */,
			);
			path = MeliSearch;
			sourceTree = "<group>";
		};
		873B2F1B2BEC4FD900CED958 /* Common */ = {
			isa = PBXGroup;
			children = (
				873B2F212BEC55AB00CED958 /* ViewConfiguration.swift */,
				87B7FDC62BF2F5D200AFA98E /* Strings.swift */,
			);
			path = Common;
			sourceTree = "<group>";
		};
		873B2F1C2BEC52A000CED958 /* AppConfiguration */ = {
			isa = PBXGroup;
			children = (
				873B2F072BEB215900CED958 /* AppDelegate.swift */,
				873B2F102BEB215B00CED958 /* Assets.xcassets */,
				873B2F122BEB215B00CED958 /* LaunchScreen.storyboard */,
				873B2F092BEB215900CED958 /* SceneDelegate.swift */,
			);
			path = AppConfiguration;
			sourceTree = "<group>";
		};
		873B2F1D2BEC531800CED958 /* Home */ = {
			isa = PBXGroup;
			children = (
				87B7FDC82BF2FB1400AFA98E /* State */,
				873B2F262BEC5DC300CED958 /* Cell */,
				873B2F0B2BEB215900CED958 /* HomeViewController.swift */,
				877C89902BF2DC1000ED278D /* HomeInteractor.swift */,
				877C89922BF2DC1E00ED278D /* HomePresenter.swift */,
				8799A7B52BFAAE91005E484D /* HomeCoordinator.swift */,
			);
			path = Home;
			sourceTree = "<group>";
		};
		873B2F1E2BEC532600CED958 /* Details */ = {
			isa = PBXGroup;
			children = (
				873B2F272BEC691400CED958 /* ProductDetailsView.swift */,
			);
			path = Details;
			sourceTree = "<group>";
		};
		873B2F1F2BEC533200CED958 /* Scene */ = {
			isa = PBXGroup;
			children = (
				873B2F1E2BEC532600CED958 /* Details */,
				873B2F1D2BEC531800CED958 /* Home */,
			);
			path = Scene;
			sourceTree = "<group>";
		};
		873B2F262BEC5DC300CED958 /* Cell */ = {
			isa = PBXGroup;
			children = (
				873B2F242BEC5DBF00CED958 /* HomeViewCell.swift */,
			);
			path = Cell;
			sourceTree = "<group>";
		};
		873B2F292BEDB4DD00CED958 /* Networking */ = {
			isa = PBXGroup;
			children = (
				873B2F2B2BEDB51300CED958 /* Request.swift */,
				873B2F2D2BEDB8F800CED958 /* Network.swift */,
				873B2F2F2BEDBA0100CED958 /* API.swift */,
			);
			path = Networking;
			sourceTree = "<group>";
		};
		873B2F2A2BEDB4F400CED958 /* Service */ = {
			isa = PBXGroup;
			children = (
				8799A7B72BFADAB4005E484D /* ProductItem */,
				873B2F312BEDC20000CED958 /* ProductSearch */,
			);
			path = Service;
			sourceTree = "<group>";
		};
		873B2F312BEDC20000CED958 /* ProductSearch */ = {
			isa = PBXGroup;
			children = (
				873B2F322BEDC22000CED958 /* ProductSearchRequest.swift */,
				873B2F342BEDC51900CED958 /* ProductSearchService.swift */,
				877C898E2BF2D99100ED278D /* ProductSearch.swift */,
			);
			path = ProductSearch;
			sourceTree = "<group>";
		};
		8799A7B72BFADAB4005E484D /* ProductItem */ = {
			isa = PBXGroup;
			children = (
				8799A7B82BFADAC8005E484D /* ProductItem.swift */,
			);
			path = ProductItem;
			sourceTree = "<group>";
		};
		8799A7BA2BFADC41005E484D /* Initial */ = {
			isa = PBXGroup;
			children = (
			);
			path = Initial;
			sourceTree = "<group>";
		};
		8799A7BB2BFADC4B005E484D /* Loading */ = {
			isa = PBXGroup;
			children = (
			);
			path = Loading;
			sourceTree = "<group>";
		};
		87B7FDC82BF2FB1400AFA98E /* State */ = {
			isa = PBXGroup;
			children = (
				8799A7BB2BFADC4B005E484D /* Loading */,
				8799A7BA2BFADC41005E484D /* Initial */,
				87B7FDCA2BF2FB3700AFA98E /* Error */,
				87B7FDC92BF2FB2900AFA98E /* Empty */,
			);
			path = State;
			sourceTree = "<group>";
		};
		87B7FDC92BF2FB2900AFA98E /* Empty */ = {
			isa = PBXGroup;
			children = (
			);
			path = Empty;
			sourceTree = "<group>";
		};
		87B7FDCA2BF2FB3700AFA98E /* Error */ = {
			isa = PBXGroup;
			children = (
				87B7FDCB2BF2FB9100AFA98E /* HomeErrorView.swift */,
			);
			path = Error;
			sourceTree = "<group>";
		};
/* End PBXGroup section */

/* Begin PBXNativeTarget section */
		873B2F032BEB215900CED958 /* MeliSearch */ = {
			isa = PBXNativeTarget;
			buildConfigurationList = 873B2F182BEB215B00CED958 /* Build configuration list for PBXNativeTarget "MeliSearch" */;
			buildPhases = (
				873B2F002BEB215900CED958 /* Sources */,
				873B2F012BEB215900CED958 /* Frameworks */,
				873B2F022BEB215900CED958 /* Resources */,
			);
			buildRules = (
			);
			dependencies = (
			);
			name = MeliSearch;
			productName = MeliSearch;
			productReference = 873B2F042BEB215900CED958 /* MeliSearch.app */;
			productType = "com.apple.product-type.application";
		};
/* End PBXNativeTarget section */

/* Begin PBXProject section */
		873B2EFC2BEB215900CED958 /* Project object */ = {
			isa = PBXProject;
			attributes = {
				BuildIndependentTargetsInParallel = 1;
				LastSwiftUpdateCheck = 1530;
				LastUpgradeCheck = 1530;
				TargetAttributes = {
					873B2F032BEB215900CED958 = {
						CreatedOnToolsVersion = 15.3;
					};
				};
			};
			buildConfigurationList = 873B2EFF2BEB215900CED958 /* Build configuration list for PBXProject "MeliSearch" */;
			compatibilityVersion = "Xcode 14.0";
			developmentRegion = en;
			hasScannedForEncodings = 0;
			knownRegions = (
				en,
				Base,
			);
			mainGroup = 873B2EFB2BEB215900CED958;
			productRefGroup = 873B2F052BEB215900CED958 /* Products */;
			projectDirPath = "";
			projectRoot = "";
			targets = (
				873B2F032BEB215900CED958 /* MeliSearch */,
			);
		};
/* End PBXProject section */

/* Begin PBXResourcesBuildPhase section */
		873B2F022BEB215900CED958 /* Resources */ = {
			isa = PBXResourcesBuildPhase;
			buildActionMask = 2147483647;
			files = (
				873B2F112BEB215B00CED958 /* Assets.xcassets in Resources */,
				873B2F142BEB215B00CED958 /* Base in Resources */,
			);
			runOnlyForDeploymentPostprocessing = 0;
		};
/* End PBXResourcesBuildPhase section */

/* Begin PBXSourcesBuildPhase section */
		873B2F002BEB215900CED958 /* Sources */ = {
			isa = PBXSourcesBuildPhase;
			buildActionMask = 2147483647;
			files = (
				873B2F0C2BEB215900CED958 /* HomeViewController.swift in Sources */,
				873B2F222BEC55AB00CED958 /* ViewConfiguration.swift in Sources */,
				873B2F2E2BEDB8F800CED958 /* Network.swift in Sources */,
				8799A7B62BFAAE91005E484D /* HomeCoordinator.swift in Sources */,
				873B2F352BEDC51900CED958 /* ProductSearchService.swift in Sources */,
				873B2F332BEDC22000CED958 /* ProductSearchRequest.swift in Sources */,
				873B2F252BEC5DBF00CED958 /* HomeViewCell.swift in Sources */,
				873B2F082BEB215900CED958 /* AppDelegate.swift in Sources */,
				87B7FDC72BF2F5D200AFA98E /* Strings.swift in Sources */,
				877C89912BF2DC1000ED278D /* HomeInteractor.swift in Sources */,
				873B2F2C2BEDB51300CED958 /* Request.swift in Sources */,
				873B2F0A2BEB215900CED958 /* SceneDelegate.swift in Sources */,
				8799A7B92BFADAC8005E484D /* ProductItem.swift in Sources */,
				877C898F2BF2D99100ED278D /* ProductSearch.swift in Sources */,
				87B7FDCC2BF2FB9100AFA98E /* HomeErrorView.swift in Sources */,
				877C89932BF2DC1E00ED278D /* HomePresenter.swift in Sources */,
				873B2F302BEDBA0100CED958 /* API.swift in Sources */,
				873B2F282BEC691400CED958 /* ProductDetailsView.swift in Sources */,
			);
			runOnlyForDeploymentPostprocessing = 0;
		};
/* End PBXSourcesBuildPhase section */

/* Begin PBXVariantGroup section */
		873B2F122BEB215B00CED958 /* LaunchScreen.storyboard */ = {
			isa = PBXVariantGroup;
			children = (
				873B2F132BEB215B00CED958 /* Base */,
			);
			name = LaunchScreen.storyboard;
			sourceTree = "<group>";
		};
/* End PBXVariantGroup section */

/* Begin XCBuildConfiguration section */
		873B2F162BEB215B00CED958 /* Debug */ = {
			isa = XCBuildConfiguration;
			buildSettings = {
				ALWAYS_SEARCH_USER_PATHS = NO;
				ASSETCATALOG_COMPILER_GENERATE_SWIFT_ASSET_SYMBOL_EXTENSIONS = YES;
				CLANG_ANALYZER_NONNULL = YES;
				CLANG_ANALYZER_NUMBER_OBJECT_CONVERSION = YES_AGGRESSIVE;
				CLANG_CXX_LANGUAGE_STANDARD = "gnu++20";
				CLANG_ENABLE_MODULES = YES;
				CLANG_ENABLE_OBJC_ARC = YES;
				CLANG_ENABLE_OBJC_WEAK = YES;
				CLANG_WARN_BLOCK_CAPTURE_AUTORELEASING = YES;
				CLANG_WARN_BOOL_CONVERSION = YES;
				CLANG_WARN_COMMA = YES;
				CLANG_WARN_CONSTANT_CONVERSION = YES;
				CLANG_WARN_DEPRECATED_OBJC_IMPLEMENTATIONS = YES;
				CLANG_WARN_DIRECT_OBJC_ISA_USAGE = YES_ERROR;
				CLANG_WARN_DOCUMENTATION_COMMENTS = YES;
				CLANG_WARN_EMPTY_BODY = YES;
				CLANG_WARN_ENUM_CONVERSION = YES;
				CLANG_WARN_INFINITE_RECURSION = YES;
				CLANG_WARN_INT_CONVERSION = YES;
				CLANG_WARN_NON_LITERAL_NULL_CONVERSION = YES;
				CLANG_WARN_OBJC_IMPLICIT_RETAIN_SELF = YES;
				CLANG_WARN_OBJC_LITERAL_CONVERSION = YES;
				CLANG_WARN_OBJC_ROOT_CLASS = YES_ERROR;
				CLANG_WARN_QUOTED_INCLUDE_IN_FRAMEWORK_HEADER = YES;
				CLANG_WARN_RANGE_LOOP_ANALYSIS = YES;
				CLANG_WARN_STRICT_PROTOTYPES = YES;
				CLANG_WARN_SUSPICIOUS_MOVE = YES;
				CLANG_WARN_UNGUARDED_AVAILABILITY = YES_AGGRESSIVE;
				CLANG_WARN_UNREACHABLE_CODE = YES;
				CLANG_WARN__DUPLICATE_METHOD_MATCH = YES;
				COPY_PHASE_STRIP = NO;
				DEBUG_INFORMATION_FORMAT = dwarf;
				ENABLE_STRICT_OBJC_MSGSEND = YES;
				ENABLE_TESTABILITY = YES;
				ENABLE_USER_SCRIPT_SANDBOXING = YES;
				GCC_C_LANGUAGE_STANDARD = gnu17;
				GCC_DYNAMIC_NO_PIC = NO;
				GCC_NO_COMMON_BLOCKS = YES;
				GCC_OPTIMIZATION_LEVEL = 0;
				GCC_PREPROCESSOR_DEFINITIONS = (
					"DEBUG=1",
					"$(inherited)",
				);
				GCC_WARN_64_TO_32_BIT_CONVERSION = YES;
				GCC_WARN_ABOUT_RETURN_TYPE = YES_ERROR;
				GCC_WARN_UNDECLARED_SELECTOR = YES;
				GCC_WARN_UNINITIALIZED_AUTOS = YES_AGGRESSIVE;
				GCC_WARN_UNUSED_FUNCTION = YES;
				GCC_WARN_UNUSED_VARIABLE = YES;
				IPHONEOS_DEPLOYMENT_TARGET = 17.4;
				LOCALIZATION_PREFERS_STRING_CATALOGS = YES;
				MTL_ENABLE_DEBUG_INFO = INCLUDE_SOURCE;
				MTL_FAST_MATH = YES;
				ONLY_ACTIVE_ARCH = YES;
				SDKROOT = iphoneos;
				SWIFT_ACTIVE_COMPILATION_CONDITIONS = "DEBUG $(inherited)";
				SWIFT_OPTIMIZATION_LEVEL = "-Onone";
			};
			name = Debug;
		};
		873B2F172BEB215B00CED958 /* Release */ = {
			isa = XCBuildConfiguration;
			buildSettings = {
				ALWAYS_SEARCH_USER_PATHS = NO;
				ASSETCATALOG_COMPILER_GENERATE_SWIFT_ASSET_SYMBOL_EXTENSIONS = YES;
				CLANG_ANALYZER_NONNULL = YES;
				CLANG_ANALYZER_NUMBER_OBJECT_CONVERSION = YES_AGGRESSIVE;
				CLANG_CXX_LANGUAGE_STANDARD = "gnu++20";
				CLANG_ENABLE_MODULES = YES;
				CLANG_ENABLE_OBJC_ARC = YES;
				CLANG_ENABLE_OBJC_WEAK = YES;
				CLANG_WARN_BLOCK_CAPTURE_AUTORELEASING = YES;
				CLANG_WARN_BOOL_CONVERSION = YES;
				CLANG_WARN_COMMA = YES;
				CLANG_WARN_CONSTANT_CONVERSION = YES;
				CLANG_WARN_DEPRECATED_OBJC_IMPLEMENTATIONS = YES;
				CLANG_WARN_DIRECT_OBJC_ISA_USAGE = YES_ERROR;
				CLANG_WARN_DOCUMENTATION_COMMENTS = YES;
				CLANG_WARN_EMPTY_BODY = YES;
				CLANG_WARN_ENUM_CONVERSION = YES;
				CLANG_WARN_INFINITE_RECURSION = YES;
				CLANG_WARN_INT_CONVERSION = YES;
				CLANG_WARN_NON_LITERAL_NULL_CONVERSION = YES;
				CLANG_WARN_OBJC_IMPLICIT_RETAIN_SELF = YES;
				CLANG_WARN_OBJC_LITERAL_CONVERSION = YES;
				CLANG_WARN_OBJC_ROOT_CLASS = YES_ERROR;
				CLANG_WARN_QUOTED_INCLUDE_IN_FRAMEWORK_HEADER = YES;
				CLANG_WARN_RANGE_LOOP_ANALYSIS = YES;
				CLANG_WARN_STRICT_PROTOTYPES = YES;
				CLANG_WARN_SUSPICIOUS_MOVE = YES;
				CLANG_WARN_UNGUARDED_AVAILABILITY = YES_AGGRESSIVE;
				CLANG_WARN_UNREACHABLE_CODE = YES;
				CLANG_WARN__DUPLICATE_METHOD_MATCH = YES;
				COPY_PHASE_STRIP = NO;
				DEBUG_INFORMATION_FORMAT = "dwarf-with-dsym";
				ENABLE_NS_ASSERTIONS = NO;
				ENABLE_STRICT_OBJC_MSGSEND = YES;
				ENABLE_USER_SCRIPT_SANDBOXING = YES;
				GCC_C_LANGUAGE_STANDARD = gnu17;
				GCC_NO_COMMON_BLOCKS = YES;
				GCC_WARN_64_TO_32_BIT_CONVERSION = YES;
				GCC_WARN_ABOUT_RETURN_TYPE = YES_ERROR;
				GCC_WARN_UNDECLARED_SELECTOR = YES;
				GCC_WARN_UNINITIALIZED_AUTOS = YES_AGGRESSIVE;
				GCC_WARN_UNUSED_FUNCTION = YES;
				GCC_WARN_UNUSED_VARIABLE = YES;
				IPHONEOS_DEPLOYMENT_TARGET = 17.4;
				LOCALIZATION_PREFERS_STRING_CATALOGS = YES;
				MTL_ENABLE_DEBUG_INFO = NO;
				MTL_FAST_MATH = YES;
				SDKROOT = iphoneos;
				SWIFT_COMPILATION_MODE = wholemodule;
				VALIDATE_PRODUCT = YES;
			};
			name = Release;
		};
		873B2F192BEB215B00CED958 /* Debug */ = {
			isa = XCBuildConfiguration;
			buildSettings = {
				ASSETCATALOG_COMPILER_APPICON_NAME = AppIcon;
				ASSETCATALOG_COMPILER_GLOBAL_ACCENT_COLOR_NAME = AccentColor;
				CODE_SIGN_STYLE = Automatic;
				CURRENT_PROJECT_VERSION = 1;
				DEVELOPMENT_TEAM = 5H277L84SS;
				GENERATE_INFOPLIST_FILE = YES;
				INFOPLIST_FILE = MeliSearch/Info.plist;
				INFOPLIST_KEY_UIApplicationSupportsIndirectInputEvents = YES;
				INFOPLIST_KEY_UILaunchStoryboardName = LaunchScreen;
				INFOPLIST_KEY_UIMainStoryboardFile = "";
				INFOPLIST_KEY_UISupportedInterfaceOrientations_iPad = "UIInterfaceOrientationPortrait UIInterfaceOrientationPortraitUpsideDown UIInterfaceOrientationLandscapeLeft UIInterfaceOrientationLandscapeRight";
				INFOPLIST_KEY_UISupportedInterfaceOrientations_iPhone = "UIInterfaceOrientationPortrait UIInterfaceOrientationLandscapeLeft UIInterfaceOrientationLandscapeRight";
				LD_RUNPATH_SEARCH_PATHS = (
					"$(inherited)",
					"@executable_path/Frameworks",
				);
				MARKETING_VERSION = 1.0;
				PRODUCT_BUNDLE_IDENTIFIER = baronebarbara.MeliSearch;
				PRODUCT_NAME = "$(TARGET_NAME)";
				SWIFT_EMIT_LOC_STRINGS = YES;
				SWIFT_VERSION = 5.0;
				TARGETED_DEVICE_FAMILY = "1,2";
			};
			name = Debug;
		};
		873B2F1A2BEB215B00CED958 /* Release */ = {
			isa = XCBuildConfiguration;
			buildSettings = {
				ASSETCATALOG_COMPILER_APPICON_NAME = AppIcon;
				ASSETCATALOG_COMPILER_GLOBAL_ACCENT_COLOR_NAME = AccentColor;
				CODE_SIGN_STYLE = Automatic;
				CURRENT_PROJECT_VERSION = 1;
				DEVELOPMENT_TEAM = 5H277L84SS;
				GENERATE_INFOPLIST_FILE = YES;
				INFOPLIST_FILE = MeliSearch/Info.plist;
				INFOPLIST_KEY_UIApplicationSupportsIndirectInputEvents = YES;
				INFOPLIST_KEY_UILaunchStoryboardName = LaunchScreen;
				INFOPLIST_KEY_UIMainStoryboardFile = "";
				INFOPLIST_KEY_UISupportedInterfaceOrientations_iPad = "UIInterfaceOrientationPortrait UIInterfaceOrientationPortraitUpsideDown UIInterfaceOrientationLandscapeLeft UIInterfaceOrientationLandscapeRight";
				INFOPLIST_KEY_UISupportedInterfaceOrientations_iPhone = "UIInterfaceOrientationPortrait UIInterfaceOrientationLandscapeLeft UIInterfaceOrientationLandscapeRight";
				LD_RUNPATH_SEARCH_PATHS = (
					"$(inherited)",
					"@executable_path/Frameworks",
				);
				MARKETING_VERSION = 1.0;
				PRODUCT_BUNDLE_IDENTIFIER = baronebarbara.MeliSearch;
				PRODUCT_NAME = "$(TARGET_NAME)";
				SWIFT_EMIT_LOC_STRINGS = YES;
				SWIFT_VERSION = 5.0;
				TARGETED_DEVICE_FAMILY = "1,2";
			};
			name = Release;
		};
/* End XCBuildConfiguration section */

/* Begin XCConfigurationList section */
		873B2EFF2BEB215900CED958 /* Build configuration list for PBXProject "MeliSearch" */ = {
			isa = XCConfigurationList;
			buildConfigurations = (
				873B2F162BEB215B00CED958 /* Debug */,
				873B2F172BEB215B00CED958 /* Release */,
			);
			defaultConfigurationIsVisible = 0;
			defaultConfigurationName = Release;
		};
		873B2F182BEB215B00CED958 /* Build configuration list for PBXNativeTarget "MeliSearch" */ = {
			isa = XCConfigurationList;
			buildConfigurations = (
				873B2F192BEB215B00CED958 /* Debug */,
				873B2F1A2BEB215B00CED958 /* Release */,
			);
			defaultConfigurationIsVisible = 0;
			defaultConfigurationName = Release;
		};
/* End XCConfigurationList section */
	};
	rootObject = 873B2EFC2BEB215900CED958 /* Project object */;
}
